
Microsoft Visual Studio Solution File, Format Version 12.00
# Visual Studio Version 16
VisualStudioVersion = 16.0.31424.327
MinimumVisualStudioVersion = 10.0.40219.1
Project("{9A19103F-16F7-4668-BE54-9A1E7A4F7556}") = "KeggParser", "KeggParser\KeggParser.csproj", "{9C391706-2F1D-4DA2-8659-9DF49D49FD5E}"
EndProject
Global
	GlobalSection(SolutionConfigurationPlatforms) = preSolution
		Debug|Any CPU = Debug|Any CPU
		Release|Any CPU = Release|Any CPU
	EndGlobalSection
	GlobalSection(ProjectConfigurationPlatforms) = postSolution
		{9C391706-2F1D-4DA2-8659-9DF49D49FD5E}.Debug|Any CPU.ActiveCfg = Debug|Any CPU
		{9C391706-2F1D-4DA2-8659-9DF49D49FD5E}.Debug|Any CPU.Build.0 = Debug|Any CPU
		{9C391706-2F1D-4DA2-8659-9DF49D49FD5E}.Release|Any CPU.ActiveCfg = Release|Any CPU
		{9C391706-2F1D-4DA2-8659-9DF49D49FD5E}.Release|Any CPU.Build.0 = Release|Any CPU
	EndGlobalSection
	GlobalSection(SolutionProperties) = preSolution
		HideSolutionNode = FALSE
	EndGlobalSection
	GlobalSection(ExtensibilityGlobals) = postSolution
		SolutionGuid = {6FD2FBF9-3FF5-46FF-9D4A-7BE1631A4823}
	EndGlobalSection
EndGlobal
